
Microsoft Visual Studio Solution File, Format Version 12.00
# Visual Studio Version 16
VisualStudioVersion = 16.0.31205.134
MinimumVisualStudioVersion = 10.0.40219.1
Project("{FAE04EC0-301F-11D3-BF4B-00C04F79EFBC}") = "PrsWebApi", "PrsWebApi\PrsWebApi.csproj", "{02C6ED64-F121-4EEE-A66C-14E648F89A1D}"
EndProject
Global
	GlobalSection(SolutionConfigurationPlatforms) = preSolution
		Debug|Any CPU = Debug|Any CPU
		Release|Any CPU = Release|Any CPU
	EndGlobalSection
	GlobalSection(ProjectConfigurationPlatforms) = postSolution
		{02C6ED64-F121-4EEE-A66C-14E648F89A1D}.Debug|Any CPU.ActiveCfg = Debug|Any CPU
		{02C6ED64-F121-4EEE-A66C-14E648F89A1D}.Debug|Any CPU.Build.0 = Debug|Any CPU
		{02C6ED64-F121-4EEE-A66C-14E648F89A1D}.Release|Any CPU.ActiveCfg = Release|Any CPU
		{02C6ED64-F121-4EEE-A66C-14E648F89A1D}.Release|Any CPU.Build.0 = Release|Any CPU
	EndGlobalSection
	GlobalSection(SolutionProperties) = preSolution
		HideSolutionNode = FALSE
	EndGlobalSection
	GlobalSection(ExtensibilityGlobals) = postSolution
		SolutionGuid = {827D3F16-2854-4BB6-A442-7FCC5244C2F9}
	EndGlobalSection
EndGlobal
